// !$*UTF8*$!
{
	archiveVersion = 1;
	classes = {
	};
	objectVersion = 46;
	objects = {

/* Begin PBXBuildFile section */
		AD11CFF416CCFF160050D18C /* VLTransformationCanvasViewController.m in Sources */ = {isa = PBXBuildFile; fileRef = AD11CFF216CCFF160050D18C /* VLTransformationCanvasViewController.m */; };
		AD11CFF516CCFF160050D18C /* VLTransformationCanvasViewController.xib in Resources */ = {isa = PBXBuildFile; fileRef = AD11CFF316CCFF160050D18C /* VLTransformationCanvasViewController.xib */; };
		AD11CFF916CCFF780050D18C /* VLTransformationCanvasView.m in Sources */ = {isa = PBXBuildFile; fileRef = AD11CFF816CCFF780050D18C /* VLTransformationCanvasView.m */; };
		AD11CFFC16CD0ACB0050D18C /* VLCoreUtilitiesLib.m in Sources */ = {isa = PBXBuildFile; fileRef = AD11CFFB16CD0ACB0050D18C /* VLCoreUtilitiesLib.m */; };
		AD11D00016CD856B0050D18C /* VLTransformCanvasWidgetViewController.m in Sources */ = {isa = PBXBuildFile; fileRef = AD11CFFE16CD856B0050D18C /* VLTransformCanvasWidgetViewController.m */; };
		AD11D00116CD856B0050D18C /* VLTransformCanvasWidgetViewController.xib in Resources */ = {isa = PBXBuildFile; fileRef = AD11CFFF16CD856B0050D18C /* VLTransformCanvasWidgetViewController.xib */; };
		AD11D00416CD85B60050D18C /* VLTransformCanvasWidgetView.m in Sources */ = {isa = PBXBuildFile; fileRef = AD11D00316CD85B60050D18C /* VLTransformCanvasWidgetView.m */; };
		AD16B3981722B33900042CC5 /* VLUniversalBlockDefinitions.m in Sources */ = {isa = PBXBuildFile; fileRef = AD16B3971722B33900042CC5 /* VLUniversalBlockDefinitions.m */; };
		AD2765B416D022FE0027A2A4 /* WidgetLibrary_v1.xml in Resources */ = {isa = PBXBuildFile; fileRef = AD2765B316D022FE0027A2A4 /* WidgetLibrary_v1.xml */; };
		AD2765BB16D0253B0027A2A4 /* VLXMLTreeManager.m in Sources */ = {isa = PBXBuildFile; fileRef = AD2765BA16D0253B0027A2A4 /* VLXMLTreeManager.m */; };
		AD32E17F16CC71F100E830D3 /* VLInputWidgetPrototypeViewController.m in Sources */ = {isa = PBXBuildFile; fileRef = AD32E17D16CC71F100E830D3 /* VLInputWidgetPrototypeViewController.m */; };
		AD32E18016CC71F100E830D3 /* VLInputWidgetPrototypeViewController.xib in Resources */ = {isa = PBXBuildFile; fileRef = AD32E17E16CC71F100E830D3 /* VLInputWidgetPrototypeViewController.xib */; };
		AD32E18316CC768700E830D3 /* VLMyInputWidgetDataModel.m in Sources */ = {isa = PBXBuildFile; fileRef = AD32E18216CC768700E830D3 /* VLMyInputWidgetDataModel.m */; };
		AD38729C16CCA0BF001A1006 /* Transmit-256.icns in Resources */ = {isa = PBXBuildFile; fileRef = AD38729B16CCA0BF001A1006 /* Transmit-256.icns */; };
		AD78D5E816CED5AF002AADEB /* VLDatabaseManager.m in Sources */ = {isa = PBXBuildFile; fileRef = AD78D5E716CED5AF002AADEB /* VLDatabaseManager.m */; };
		AD78D5E916CEDCD3002AADEB /* CoreData.framework in Frameworks */ = {isa = PBXBuildFile; fileRef = ADE233CE16BC79C40034E15D /* CoreData.framework */; };
		AD8CB8EE16C0651A00D2EA5E /* VLTransformationWidgetsPanelViewController.m in Sources */ = {isa = PBXBuildFile; fileRef = AD8CB8EC16C0651A00D2EA5E /* VLTransformationWidgetsPanelViewController.m */; };
		AD8CB8EF16C0651A00D2EA5E /* VLTransformationWidgetsPanelViewController.xib in Resources */ = {isa = PBXBuildFile; fileRef = AD8CB8ED16C0651A00D2EA5E /* VLTransformationWidgetsPanelViewController.xib */; };
		ADAFEEFC16CC3C74008E2C19 /* VLUniversalConsoleViewController.m in Sources */ = {isa = PBXBuildFile; fileRef = ADAFEEFA16CC3C74008E2C19 /* VLUniversalConsoleViewController.m */; };
		ADAFEEFD16CC3C74008E2C19 /* VLUniversalConsoleViewController.xib in Resources */ = {isa = PBXBuildFile; fileRef = ADAFEEFB16CC3C74008E2C19 /* VLUniversalConsoleViewController.xib */; };
		ADC25C7916BEB74D00C1C98F /* VLCodeGenerationEngine.m in Sources */ = {isa = PBXBuildFile; fileRef = ADC25C7816BEB74D00C1C98F /* VLCodeGenerationEngine.m */; };
		ADC25C7C16BEB7DD00C1C98F /* VLCodeGenerationOperation.m in Sources */ = {isa = PBXBuildFile; fileRef = ADC25C7B16BEB7DD00C1C98F /* VLCodeGenerationOperation.m */; };
		ADC25C7E16BEBD9D00C1C98F /* bubbly.icns in Resources */ = {isa = PBXBuildFile; fileRef = ADC25C7D16BEBD9D00C1C98F /* bubbly.icns */; };
		ADE233CB16BC79C40034E15D /* Cocoa.framework in Frameworks */ = {isa = PBXBuildFile; fileRef = ADE233CA16BC79C40034E15D /* Cocoa.framework */; };
		ADE233D516BC79C40034E15D /* InfoPlist.strings in Resources */ = {isa = PBXBuildFile; fileRef = ADE233D316BC79C40034E15D /* InfoPlist.strings */; };
		ADE233D716BC79C40034E15D /* main.m in Sources */ = {isa = PBXBuildFile; fileRef = ADE233D616BC79C40034E15D /* main.m */; };
		ADE233DB16BC79C40034E15D /* Credits.rtf in Resources */ = {isa = PBXBuildFile; fileRef = ADE233D916BC79C40034E15D /* Credits.rtf */; };
		ADE233DE16BC79C40034E15D /* VLDocument.m in Sources */ = {isa = PBXBuildFile; fileRef = ADE233DD16BC79C40034E15D /* VLDocument.m */; };
		ADE233E116BC79C40034E15D /* VLDocument.xib in Resources */ = {isa = PBXBuildFile; fileRef = ADE233DF16BC79C40034E15D /* VLDocument.xib */; };
		ADE233E416BC79C40034E15D /* MainMenu.xib in Resources */ = {isa = PBXBuildFile; fileRef = ADE233E216BC79C40034E15D /* MainMenu.xib */; };
		ADE233E716BC79C40034E15D /* VLDocument.xcdatamodeld in Sources */ = {isa = PBXBuildFile; fileRef = ADE233E516BC79C40034E15D /* VLDocument.xcdatamodeld */; };
/* End PBXBuildFile section */

/* Begin PBXFileReference section */
		AD11CFF116CCFF160050D18C /* VLTransformationCanvasViewController.h */ = {isa = PBXFileReference; fileEncoding = 4; lastKnownFileType = sourcecode.c.h; path = VLTransformationCanvasViewController.h; sourceTree = "<group>"; };
		AD11CFF216CCFF160050D18C /* VLTransformationCanvasViewController.m */ = {isa = PBXFileReference; fileEncoding = 4; lastKnownFileType = sourcecode.c.objc; path = VLTransformationCanvasViewController.m; sourceTree = "<group>"; };
		AD11CFF316CCFF160050D18C /* VLTransformationCanvasViewController.xib */ = {isa = PBXFileReference; fileEncoding = 4; lastKnownFileType = file.xib; path = VLTransformationCanvasViewController.xib; sourceTree = "<group>"; };
		AD11CFF716CCFF780050D18C /* VLTransformationCanvasView.h */ = {isa = PBXFileReference; fileEncoding = 4; lastKnownFileType = sourcecode.c.h; path = VLTransformationCanvasView.h; sourceTree = "<group>"; };
		AD11CFF816CCFF780050D18C /* VLTransformationCanvasView.m */ = {isa = PBXFileReference; fileEncoding = 4; lastKnownFileType = sourcecode.c.objc; path = VLTransformationCanvasView.m; sourceTree = "<group>"; };
		AD11CFFA16CD0ACB0050D18C /* VLCoreUtilitiesLib.h */ = {isa = PBXFileReference; fileEncoding = 4; lastKnownFileType = sourcecode.c.h; path = VLCoreUtilitiesLib.h; sourceTree = "<group>"; };
		AD11CFFB16CD0ACB0050D18C /* VLCoreUtilitiesLib.m */ = {isa = PBXFileReference; fileEncoding = 4; lastKnownFileType = sourcecode.c.objc; path = VLCoreUtilitiesLib.m; sourceTree = "<group>"; };
		AD11CFFD16CD856B0050D18C /* VLTransformCanvasWidgetViewController.h */ = {isa = PBXFileReference; fileEncoding = 4; lastKnownFileType = sourcecode.c.h; path = VLTransformCanvasWidgetViewController.h; sourceTree = "<group>"; };
		AD11CFFE16CD856B0050D18C /* VLTransformCanvasWidgetViewController.m */ = {isa = PBXFileReference; fileEncoding = 4; lastKnownFileType = sourcecode.c.objc; path = VLTransformCanvasWidgetViewController.m; sourceTree = "<group>"; };
		AD11CFFF16CD856B0050D18C /* VLTransformCanvasWidgetViewController.xib */ = {isa = PBXFileReference; fileEncoding = 4; lastKnownFileType = file.xib; path = VLTransformCanvasWidgetViewController.xib; sourceTree = "<group>"; };
		AD11D00216CD85B60050D18C /* VLTransformCanvasWidgetView.h */ = {isa = PBXFileReference; fileEncoding = 4; lastKnownFileType = sourcecode.c.h; path = VLTransformCanvasWidgetView.h; sourceTree = "<group>"; };
		AD11D00316CD85B60050D18C /* VLTransformCanvasWidgetView.m */ = {isa = PBXFileReference; fileEncoding = 4; lastKnownFileType = sourcecode.c.objc; path = VLTransformCanvasWidgetView.m; sourceTree = "<group>"; };
		AD16B3961722B33900042CC5 /* VLUniversalBlockDefinitions.h */ = {isa = PBXFileReference; fileEncoding = 4; lastKnownFileType = sourcecode.c.h; path = VLUniversalBlockDefinitions.h; sourceTree = "<group>"; };
		AD16B3971722B33900042CC5 /* VLUniversalBlockDefinitions.m */ = {isa = PBXFileReference; fileEncoding = 4; lastKnownFileType = sourcecode.c.objc; path = VLUniversalBlockDefinitions.m; sourceTree = "<group>"; };
		AD2765B316D022FE0027A2A4 /* WidgetLibrary_v1.xml */ = {isa = PBXFileReference; fileEncoding = 4; lastKnownFileType = text.xml; path = WidgetLibrary_v1.xml; sourceTree = "<group>"; };
		AD2765B916D0253B0027A2A4 /* VLXMLTreeManager.h */ = {isa = PBXFileReference; fileEncoding = 4; lastKnownFileType = sourcecode.c.h; path = VLXMLTreeManager.h; sourceTree = "<group>"; };
		AD2765BA16D0253B0027A2A4 /* VLXMLTreeManager.m */ = {isa = PBXFileReference; fileEncoding = 4; lastKnownFileType = sourcecode.c.objc; path = VLXMLTreeManager.m; sourceTree = "<group>"; };
		AD32E17C16CC71F100E830D3 /* VLInputWidgetPrototypeViewController.h */ = {isa = PBXFileReference; fileEncoding = 4; lastKnownFileType = sourcecode.c.h; path = VLInputWidgetPrototypeViewController.h; sourceTree = "<group>"; };
		AD32E17D16CC71F100E830D3 /* VLInputWidgetPrototypeViewController.m */ = {isa = PBXFileReference; fileEncoding = 4; lastKnownFileType = sourcecode.c.objc; path = VLInputWidgetPrototypeViewController.m; sourceTree = "<group>"; };
		AD32E17E16CC71F100E830D3 /* VLInputWidgetPrototypeViewController.xib */ = {isa = PBXFileReference; fileEncoding = 4; lastKnownFileType = file.xib; path = VLInputWidgetPrototypeViewController.xib; sourceTree = "<group>"; };
		AD32E18116CC768700E830D3 /* VLMyInputWidgetDataModel.h */ = {isa = PBXFileReference; fileEncoding = 4; lastKnownFileType = sourcecode.c.h; path = VLMyInputWidgetDataModel.h; sourceTree = "<group>"; };
		AD32E18216CC768700E830D3 /* VLMyInputWidgetDataModel.m */ = {isa = PBXFileReference; fileEncoding = 4; lastKnownFileType = sourcecode.c.objc; path = VLMyInputWidgetDataModel.m; sourceTree = "<group>"; };
		AD38729B16CCA0BF001A1006 /* Transmit-256.icns */ = {isa = PBXFileReference; lastKnownFileType = image.icns; path = "Transmit-256.icns"; sourceTree = "<group>"; };
		AD78D5E616CED5AF002AADEB /* VLDatabaseManager.h */ = {isa = PBXFileReference; fileEncoding = 4; lastKnownFileType = sourcecode.c.h; path = VLDatabaseManager.h; sourceTree = "<group>"; };
		AD78D5E716CED5AF002AADEB /* VLDatabaseManager.m */ = {isa = PBXFileReference; fileEncoding = 4; lastKnownFileType = sourcecode.c.objc; path = VLDatabaseManager.m; sourceTree = "<group>"; };
		AD8CB8EB16C0651A00D2EA5E /* VLTransformationWidgetsPanelViewController.h */ = {isa = PBXFileReference; fileEncoding = 4; lastKnownFileType = sourcecode.c.h; path = VLTransformationWidgetsPanelViewController.h; sourceTree = "<group>"; };
		AD8CB8EC16C0651A00D2EA5E /* VLTransformationWidgetsPanelViewController.m */ = {isa = PBXFileReference; fileEncoding = 4; lastKnownFileType = sourcecode.c.objc; path = VLTransformationWidgetsPanelViewController.m; sourceTree = "<group>"; };
		AD8CB8ED16C0651A00D2EA5E /* VLTransformationWidgetsPanelViewController.xib */ = {isa = PBXFileReference; fileEncoding = 4; lastKnownFileType = file.xib; path = VLTransformationWidgetsPanelViewController.xib; sourceTree = "<group>"; };
		ADAFEEF916CC3C74008E2C19 /* VLUniversalConsoleViewController.h */ = {isa = PBXFileReference; fileEncoding = 4; lastKnownFileType = sourcecode.c.h; path = VLUniversalConsoleViewController.h; sourceTree = "<group>"; };
		ADAFEEFA16CC3C74008E2C19 /* VLUniversalConsoleViewController.m */ = {isa = PBXFileReference; fileEncoding = 4; lastKnownFileType = sourcecode.c.objc; path = VLUniversalConsoleViewController.m; sourceTree = "<group>"; };
		ADAFEEFB16CC3C74008E2C19 /* VLUniversalConsoleViewController.xib */ = {isa = PBXFileReference; fileEncoding = 4; lastKnownFileType = file.xib; path = VLUniversalConsoleViewController.xib; sourceTree = "<group>"; };
		ADC25C7716BEB74D00C1C98F /* VLCodeGenerationEngine.h */ = {isa = PBXFileReference; fileEncoding = 4; lastKnownFileType = sourcecode.c.h; path = VLCodeGenerationEngine.h; sourceTree = "<group>"; };
		ADC25C7816BEB74D00C1C98F /* VLCodeGenerationEngine.m */ = {isa = PBXFileReference; fileEncoding = 4; lastKnownFileType = sourcecode.c.objc; path = VLCodeGenerationEngine.m; sourceTree = "<group>"; };
		ADC25C7A16BEB7DD00C1C98F /* VLCodeGenerationOperation.h */ = {isa = PBXFileReference; fileEncoding = 4; lastKnownFileType = sourcecode.c.h; path = VLCodeGenerationOperation.h; sourceTree = "<group>"; };
		ADC25C7B16BEB7DD00C1C98F /* VLCodeGenerationOperation.m */ = {isa = PBXFileReference; fileEncoding = 4; lastKnownFileType = sourcecode.c.objc; path = VLCodeGenerationOperation.m; sourceTree = "<group>"; };
		ADC25C7D16BEBD9D00C1C98F /* bubbly.icns */ = {isa = PBXFileReference; lastKnownFileType = image.icns; path = bubbly.icns; sourceTree = "<group>"; };
		ADE233C716BC79C40034E15D /* Universal.app */ = {isa = PBXFileReference; explicitFileType = wrapper.application; includeInIndex = 0; path = Universal.app; sourceTree = BUILT_PRODUCTS_DIR; };
		ADE233CA16BC79C40034E15D /* Cocoa.framework */ = {isa = PBXFileReference; lastKnownFileType = wrapper.framework; name = Cocoa.framework; path = System/Library/Frameworks/Cocoa.framework; sourceTree = SDKROOT; };
		ADE233CD16BC79C40034E15D /* AppKit.framework */ = {isa = PBXFileReference; lastKnownFileType = wrapper.framework; name = AppKit.framework; path = System/Library/Frameworks/AppKit.framework; sourceTree = SDKROOT; };
		ADE233CE16BC79C40034E15D /* CoreData.framework */ = {isa = PBXFileReference; lastKnownFileType = wrapper.framework; name = CoreData.framework; path = System/Library/Frameworks/CoreData.framework; sourceTree = SDKROOT; };
		ADE233CF16BC79C40034E15D /* Foundation.framework */ = {isa = PBXFileReference; lastKnownFileType = wrapper.framework; name = Foundation.framework; path = System/Library/Frameworks/Foundation.framework; sourceTree = SDKROOT; };
		ADE233D216BC79C40034E15D /* Universal-Info.plist */ = {isa = PBXFileReference; lastKnownFileType = text.plist.xml; path = "Universal-Info.plist"; sourceTree = "<group>"; };
		ADE233D416BC79C40034E15D /* en */ = {isa = PBXFileReference; lastKnownFileType = text.plist.strings; name = en; path = en.lproj/InfoPlist.strings; sourceTree = "<group>"; };
		ADE233D616BC79C40034E15D /* main.m */ = {isa = PBXFileReference; lastKnownFileType = sourcecode.c.objc; path = main.m; sourceTree = "<group>"; };
		ADE233D816BC79C40034E15D /* Universal-Prefix.pch */ = {isa = PBXFileReference; lastKnownFileType = sourcecode.c.h; path = "Universal-Prefix.pch"; sourceTree = "<group>"; };
		ADE233DA16BC79C40034E15D /* en */ = {isa = PBXFileReference; lastKnownFileType = text.rtf; name = en; path = en.lproj/Credits.rtf; sourceTree = "<group>"; };
		ADE233DC16BC79C40034E15D /* VLDocument.h */ = {isa = PBXFileReference; lastKnownFileType = sourcecode.c.h; path = VLDocument.h; sourceTree = "<group>"; };
		ADE233DD16BC79C40034E15D /* VLDocument.m */ = {isa = PBXFileReference; lastKnownFileType = sourcecode.c.objc; path = VLDocument.m; sourceTree = "<group>"; };
		ADE233E016BC79C40034E15D /* en */ = {isa = PBXFileReference; lastKnownFileType = file.xib; name = en; path = en.lproj/VLDocument.xib; sourceTree = "<group>"; };
		ADE233E316BC79C40034E15D /* en */ = {isa = PBXFileReference; lastKnownFileType = file.xib; name = en; path = en.lproj/MainMenu.xib; sourceTree = "<group>"; };
		ADE233E616BC79C40034E15D /* VLDocument.xcdatamodel */ = {isa = PBXFileReference; lastKnownFileType = wrapper.xcdatamodel; path = VLDocument.xcdatamodel; sourceTree = "<group>"; };
		ADE2340F16BC7FDD0034E15D /* Universal.entitlements */ = {isa = PBXFileReference; lastKnownFileType = text.xml; path = Universal.entitlements; sourceTree = "<group>"; };
/* End PBXFileReference section */

/* Begin PBXFrameworksBuildPhase section */
		ADE233C416BC79C40034E15D /* Frameworks */ = {
			isa = PBXFrameworksBuildPhase;
			buildActionMask = 2147483647;
			files = (
				AD78D5E916CEDCD3002AADEB /* CoreData.framework in Frameworks */,
				ADE233CB16BC79C40034E15D /* Cocoa.framework in Frameworks */,
			);
			runOnlyForDeploymentPostprocessing = 0;
		};
/* End PBXFrameworksBuildPhase section */

/* Begin PBXGroup section */
		AD11CFF616CCFF410050D18C /* transformationcanvas */ = {
			isa = PBXGroup;
			children = (
				AD11CFF116CCFF160050D18C /* VLTransformationCanvasViewController.h */,
				AD11CFF216CCFF160050D18C /* VLTransformationCanvasViewController.m */,
				AD11CFF316CCFF160050D18C /* VLTransformationCanvasViewController.xib */,
				AD11CFF716CCFF780050D18C /* VLTransformationCanvasView.h */,
				AD11CFF816CCFF780050D18C /* VLTransformationCanvasView.m */,
				AD11CFFD16CD856B0050D18C /* VLTransformCanvasWidgetViewController.h */,
				AD11CFFE16CD856B0050D18C /* VLTransformCanvasWidgetViewController.m */,
				AD11CFFF16CD856B0050D18C /* VLTransformCanvasWidgetViewController.xib */,
				AD11D00216CD85B60050D18C /* VLTransformCanvasWidgetView.h */,
				AD11D00316CD85B60050D18C /* VLTransformCanvasWidgetView.m */,
			);
			name = transformationcanvas;
			sourceTree = "<group>";
		};
		AD11D00516CDC1770050D18C /* Database */ = {
			isa = PBXGroup;
			children = (
				ADE233E516BC79C40034E15D /* VLDocument.xcdatamodeld */,
				AD78D5E616CED5AF002AADEB /* VLDatabaseManager.h */,
				AD78D5E716CED5AF002AADEB /* VLDatabaseManager.m */,
			);
			name = Database;
			sourceTree = "<group>";
		};
		AD2765B216CF17050027A2A4 /* templates */ = {
			isa = PBXGroup;
			children = (
				AD2765B316D022FE0027A2A4 /* WidgetLibrary_v1.xml */,
			);
			name = templates;
			sourceTree = "<group>";
		};
		AD2765B516D023BB0027A2A4 /* Templates */ = {
			isa = PBXGroup;
			children = (
				AD2765B916D0253B0027A2A4 /* VLXMLTreeManager.h */,
				AD2765BA16D0253B0027A2A4 /* VLXMLTreeManager.m */,
			);
			name = Templates;
			sourceTree = "<group>";
		};
		AD32E17616CC710D00E830D3 /* transformationwidgets */ = {
			isa = PBXGroup;
			children = (
				AD32E17C16CC71F100E830D3 /* VLInputWidgetPrototypeViewController.h */,
				AD32E17D16CC71F100E830D3 /* VLInputWidgetPrototypeViewController.m */,
				AD32E17E16CC71F100E830D3 /* VLInputWidgetPrototypeViewController.xib */,
				AD32E18116CC768700E830D3 /* VLMyInputWidgetDataModel.h */,
				AD32E18216CC768700E830D3 /* VLMyInputWidgetDataModel.m */,
			);
			name = transformationwidgets;
			sourceTree = "<group>";
		};
		AD38729A16CCA0A9001A1006 /* images */ = {
			isa = PBXGroup;
			children = (
				AD38729B16CCA0BF001A1006 /* Transmit-256.icns */,
			);
			name = images;
			sourceTree = "<group>";
		};
		AD8CB8EA16C0648E00D2EA5E /* Views */ = {
			isa = PBXGroup;
			children = (
				AD11CFF616CCFF410050D18C /* transformationcanvas */,
				AD32E17616CC710D00E830D3 /* transformationwidgets */,
				AD8CB8EB16C0651A00D2EA5E /* VLTransformationWidgetsPanelViewController.h */,
				AD8CB8EC16C0651A00D2EA5E /* VLTransformationWidgetsPanelViewController.m */,
				AD8CB8ED16C0651A00D2EA5E /* VLTransformationWidgetsPanelViewController.xib */,
				ADAFEEF916CC3C74008E2C19 /* VLUniversalConsoleViewController.h */,
				ADAFEEFA16CC3C74008E2C19 /* VLUniversalConsoleViewController.m */,
				ADAFEEFB16CC3C74008E2C19 /* VLUniversalConsoleViewController.xib */,
			);
			name = Views;
			sourceTree = "<group>";
		};
		ADC25C7616BEB6CC00C1C98F /* Engine */ = {
			isa = PBXGroup;
			children = (
				ADC25C7716BEB74D00C1C98F /* VLCodeGenerationEngine.h */,
				ADC25C7816BEB74D00C1C98F /* VLCodeGenerationEngine.m */,
				ADC25C7A16BEB7DD00C1C98F /* VLCodeGenerationOperation.h */,
				ADC25C7B16BEB7DD00C1C98F /* VLCodeGenerationOperation.m */,
			);
			name = Engine;
			sourceTree = "<group>";
		};
		ADE233BE16BC79C40034E15D = {
			isa = PBXGroup;
			children = (
				ADC25C7D16BEBD9D00C1C98F /* bubbly.icns */,
				ADE233D016BC79C40034E15D /* Universal */,
				ADE233C916BC79C40034E15D /* Frameworks */,
				ADE233C816BC79C40034E15D /* Products */,
			);
			sourceTree = "<group>";
		};
		ADE233C816BC79C40034E15D /* Products */ = {
			isa = PBXGroup;
			children = (
				ADE233C716BC79C40034E15D /* Universal.app */,
			);
			name = Products;
			sourceTree = "<group>";
		};
		ADE233C916BC79C40034E15D /* Frameworks */ = {
			isa = PBXGroup;
			children = (
				ADE233CA16BC79C40034E15D /* Cocoa.framework */,
				ADE233CC16BC79C40034E15D /* Other Frameworks */,
			);
			name = Frameworks;
			sourceTree = "<group>";
		};
		ADE233CC16BC79C40034E15D /* Other Frameworks */ = {
			isa = PBXGroup;
			children = (
				ADE233CD16BC79C40034E15D /* AppKit.framework */,
				ADE233CE16BC79C40034E15D /* CoreData.framework */,
				ADE233CF16BC79C40034E15D /* Foundation.framework */,
			);
			name = "Other Frameworks";
			sourceTree = "<group>";
		};
		ADE233D016BC79C40034E15D /* Universal */ = {
			isa = PBXGroup;
			children = (
				AD16B3961722B33900042CC5 /* VLUniversalBlockDefinitions.h */,
				AD16B3971722B33900042CC5 /* VLUniversalBlockDefinitions.m */,
				AD2765B516D023BB0027A2A4 /* Templates */,
				AD11D00516CDC1770050D18C /* Database */,
				AD8CB8EA16C0648E00D2EA5E /* Views */,
				ADC25C7616BEB6CC00C1C98F /* Engine */,
				ADE2340F16BC7FDD0034E15D /* Universal.entitlements */,
				ADE233DC16BC79C40034E15D /* VLDocument.h */,
				ADE233DD16BC79C40034E15D /* VLDocument.m */,
				ADE233DF16BC79C40034E15D /* VLDocument.xib */,
				ADE233E216BC79C40034E15D /* MainMenu.xib */,
				ADE233D116BC79C40034E15D /* Supporting Files */,
				AD11CFFA16CD0ACB0050D18C /* VLCoreUtilitiesLib.h */,
				AD11CFFB16CD0ACB0050D18C /* VLCoreUtilitiesLib.m */,
			);
			path = Universal;
			sourceTree = "<group>";
		};
		ADE233D116BC79C40034E15D /* Supporting Files */ = {
			isa = PBXGroup;
			children = (
				AD2765B216CF17050027A2A4 /* templates */,
				AD38729A16CCA0A9001A1006 /* images */,
				ADE233D216BC79C40034E15D /* Universal-Info.plist */,
				ADE233D316BC79C40034E15D /* InfoPlist.strings */,
				ADE233D616BC79C40034E15D /* main.m */,
				ADE233D816BC79C40034E15D /* Universal-Prefix.pch */,
				ADE233D916BC79C40034E15D /* Credits.rtf */,
			);
			name = "Supporting Files";
			sourceTree = "<group>";
		};
/* End PBXGroup section */

/* Begin PBXNativeTarget section */
		ADE233C616BC79C40034E15D /* Universal */ = {
			isa = PBXNativeTarget;
			buildConfigurationList = ADE233EA16BC79C40034E15D /* Build configuration list for PBXNativeTarget "Universal" */;
			buildPhases = (
				ADE233C316BC79C40034E15D /* Sources */,
				ADE233C416BC79C40034E15D /* Frameworks */,
				ADE233C516BC79C40034E15D /* Resources */,
			);
			buildRules = (
			);
			dependencies = (
			);
			name = Universal;
			productName = Universal;
			productReference = ADE233C716BC79C40034E15D /* Universal.app */;
			productType = "com.apple.product-type.application";
		};
/* End PBXNativeTarget section */

/* Begin PBXProject section */
		ADE233BF16BC79C40034E15D /* Project object */ = {
			isa = PBXProject;
			attributes = {
				CLASSPREFIX = VL;
				LastUpgradeCheck = 0460;
				ORGANIZATIONNAME = Varnerlab;
			};
			buildConfigurationList = ADE233C216BC79C40034E15D /* Build configuration list for PBXProject "Universal" */;
			compatibilityVersion = "Xcode 3.2";
			developmentRegion = English;
			hasScannedForEncodings = 0;
			knownRegions = (
				en,
			);
			mainGroup = ADE233BE16BC79C40034E15D;
			productRefGroup = ADE233C816BC79C40034E15D /* Products */;
			projectDirPath = "";
			projectRoot = "";
			targets = (
				ADE233C616BC79C40034E15D /* Universal */,
			);
		};
/* End PBXProject section */

/* Begin PBXResourcesBuildPhase section */
		ADE233C516BC79C40034E15D /* Resources */ = {
			isa = PBXResourcesBuildPhase;
			buildActionMask = 2147483647;
			files = (
				ADE233D516BC79C40034E15D /* InfoPlist.strings in Resources */,
				ADE233DB16BC79C40034E15D /* Credits.rtf in Resources */,
				ADE233E116BC79C40034E15D /* VLDocument.xib in Resources */,
				ADE233E416BC79C40034E15D /* MainMenu.xib in Resources */,
				ADC25C7E16BEBD9D00C1C98F /* bubbly.icns in Resources */,
				AD8CB8EF16C0651A00D2EA5E /* VLTransformationWidgetsPanelViewController.xib in Resources */,
				ADAFEEFD16CC3C74008E2C19 /* VLUniversalConsoleViewController.xib in Resources */,
				AD32E18016CC71F100E830D3 /* VLInputWidgetPrototypeViewController.xib in Resources */,
				AD38729C16CCA0BF001A1006 /* Transmit-256.icns in Resources */,
				AD11CFF516CCFF160050D18C /* VLTransformationCanvasViewController.xib in Resources */,
				AD11D00116CD856B0050D18C /* VLTransformCanvasWidgetViewController.xib in Resources */,
				AD2765B416D022FE0027A2A4 /* WidgetLibrary_v1.xml in Resources */,
			);
			runOnlyForDeploymentPostprocessing = 0;
		};
/* End PBXResourcesBuildPhase section */

/* Begin PBXSourcesBuildPhase section */
		ADE233C316BC79C40034E15D /* Sources */ = {
			isa = PBXSourcesBuildPhase;
			buildActionMask = 2147483647;
			files = (
				ADE233D716BC79C40034E15D /* main.m in Sources */,
				ADE233DE16BC79C40034E15D /* VLDocument.m in Sources */,
				ADE233E716BC79C40034E15D /* VLDocument.xcdatamodeld in Sources */,
				ADC25C7916BEB74D00C1C98F /* VLCodeGenerationEngine.m in Sources */,
				ADC25C7C16BEB7DD00C1C98F /* VLCodeGenerationOperation.m in Sources */,
				AD8CB8EE16C0651A00D2EA5E /* VLTransformationWidgetsPanelViewController.m in Sources */,
				ADAFEEFC16CC3C74008E2C19 /* VLUniversalConsoleViewController.m in Sources */,
				AD32E17F16CC71F100E830D3 /* VLInputWidgetPrototypeViewController.m in Sources */,
				AD32E18316CC768700E830D3 /* VLMyInputWidgetDataModel.m in Sources */,
				AD11CFF416CCFF160050D18C /* VLTransformationCanvasViewController.m in Sources */,
				AD11CFF916CCFF780050D18C /* VLTransformationCanvasView.m in Sources */,
				AD11CFFC16CD0ACB0050D18C /* VLCoreUtilitiesLib.m in Sources */,
				AD11D00016CD856B0050D18C /* VLTransformCanvasWidgetViewController.m in Sources */,
				AD11D00416CD85B60050D18C /* VLTransformCanvasWidgetView.m in Sources */,
				AD78D5E816CED5AF002AADEB /* VLDatabaseManager.m in Sources */,
				AD2765BB16D0253B0027A2A4 /* VLXMLTreeManager.m in Sources */,
				AD16B3981722B33900042CC5 /* VLUniversalBlockDefinitions.m in Sources */,
			);
			runOnlyForDeploymentPostprocessing = 0;
		};
/* End PBXSourcesBuildPhase section */

/* Begin PBXVariantGroup section */
		ADE233D316BC79C40034E15D /* InfoPlist.strings */ = {
			isa = PBXVariantGroup;
			children = (
				ADE233D416BC79C40034E15D /* en */,
			);
			name = InfoPlist.strings;
			sourceTree = "<group>";
		};
		ADE233D916BC79C40034E15D /* Credits.rtf */ = {
			isa = PBXVariantGroup;
			children = (
				ADE233DA16BC79C40034E15D /* en */,
			);
			name = Credits.rtf;
			sourceTree = "<group>";
		};
		ADE233DF16BC79C40034E15D /* VLDocument.xib */ = {
			isa = PBXVariantGroup;
			children = (
				ADE233E016BC79C40034E15D /* en */,
			);
			name = VLDocument.xib;
			sourceTree = "<group>";
		};
		ADE233E216BC79C40034E15D /* MainMenu.xib */ = {
			isa = PBXVariantGroup;
			children = (
				ADE233E316BC79C40034E15D /* en */,
			);
			name = MainMenu.xib;
			sourceTree = "<group>";
		};
/* End PBXVariantGroup section */

/* Begin XCBuildConfiguration section */
		ADE233E816BC79C40034E15D /* Debug */ = {
			isa = XCBuildConfiguration;
			buildSettings = {
				ALWAYS_SEARCH_USER_PATHS = NO;
				ARCHS = "$(ARCHS_STANDARD_64_BIT)";
				CLANG_CXX_LANGUAGE_STANDARD = "gnu++0x";
				CLANG_CXX_LIBRARY = "libc++";
				CLANG_WARN_CONSTANT_CONVERSION = YES;
				CLANG_WARN_EMPTY_BODY = YES;
				CLANG_WARN_ENUM_CONVERSION = YES;
				CLANG_WARN_INT_CONVERSION = YES;
				CLANG_WARN__DUPLICATE_METHOD_MATCH = YES;
				COPY_PHASE_STRIP = NO;
				GCC_C_LANGUAGE_STANDARD = gnu99;
				GCC_DYNAMIC_NO_PIC = NO;
				GCC_ENABLE_OBJC_EXCEPTIONS = YES;
				GCC_OPTIMIZATION_LEVEL = 0;
				GCC_PREPROCESSOR_DEFINITIONS = (
					"DEBUG=1",
					"$(inherited)",
				);
				GCC_SYMBOLS_PRIVATE_EXTERN = NO;
				GCC_WARN_64_TO_32_BIT_CONVERSION = YES;
				GCC_WARN_ABOUT_RETURN_TYPE = YES;
				GCC_WARN_UNINITIALIZED_AUTOS = YES;
				GCC_WARN_UNUSED_VARIABLE = YES;
				MACOSX_DEPLOYMENT_TARGET = 10.8;
				ONLY_ACTIVE_ARCH = YES;
				SDKROOT = macosx;
			};
			name = Debug;
		};
		ADE233E916BC79C40034E15D /* Release */ = {
			isa = XCBuildConfiguration;
			buildSettings = {
				ALWAYS_SEARCH_USER_PATHS = NO;
				ARCHS = "$(ARCHS_STANDARD_64_BIT)";
				CLANG_CXX_LANGUAGE_STANDARD = "gnu++0x";
				CLANG_CXX_LIBRARY = "libc++";
				CLANG_WARN_CONSTANT_CONVERSION = YES;
				CLANG_WARN_EMPTY_BODY = YES;
				CLANG_WARN_ENUM_CONVERSION = YES;
				CLANG_WARN_INT_CONVERSION = YES;
				CLANG_WARN__DUPLICATE_METHOD_MATCH = YES;
				COPY_PHASE_STRIP = YES;
				DEBUG_INFORMATION_FORMAT = "dwarf-with-dsym";
				GCC_C_LANGUAGE_STANDARD = gnu99;
				GCC_ENABLE_OBJC_EXCEPTIONS = YES;
				GCC_WARN_64_TO_32_BIT_CONVERSION = YES;
				GCC_WARN_ABOUT_RETURN_TYPE = YES;
				GCC_WARN_UNINITIALIZED_AUTOS = YES;
				GCC_WARN_UNUSED_VARIABLE = YES;
				MACOSX_DEPLOYMENT_TARGET = 10.8;
				SDKROOT = macosx;
			};
			name = Release;
		};
		ADE233EB16BC79C40034E15D /* Debug */ = {
			isa = XCBuildConfiguration;
			buildSettings = {
				CODE_SIGN_ENTITLEMENTS = Universal/Universal.entitlements;
				COMBINE_HIDPI_IMAGES = YES;
				GCC_PRECOMPILE_PREFIX_HEADER = YES;
				GCC_PREFIX_HEADER = "Universal/Universal-Prefix.pch";
				INFOPLIST_FILE = "Universal/Universal-Info.plist";
				PRODUCT_NAME = "$(TARGET_NAME)";
				WRAPPER_EXTENSION = app;
			};
			name = Debug;
		};
		ADE233EC16BC79C40034E15D /* Release */ = {
			isa = XCBuildConfiguration;
			buildSettings = {
				CODE_SIGN_ENTITLEMENTS = Universal/Universal.entitlements;
				COMBINE_HIDPI_IMAGES = YES;
				GCC_PRECOMPILE_PREFIX_HEADER = YES;
				GCC_PREFIX_HEADER = "Universal/Universal-Prefix.pch";
				INFOPLIST_FILE = "Universal/Universal-Info.plist";
				PRODUCT_NAME = "$(TARGET_NAME)";
				WRAPPER_EXTENSION = app;
			};
			name = Release;
		};
/* End XCBuildConfiguration section */

/* Begin XCConfigurationList section */
		ADE233C216BC79C40034E15D /* Build configuration list for PBXProject "Universal" */ = {
			isa = XCConfigurationList;
			buildConfigurations = (
				ADE233E816BC79C40034E15D /* Debug */,
				ADE233E916BC79C40034E15D /* Release */,
			);
			defaultConfigurationIsVisible = 0;
			defaultConfigurationName = Release;
		};
		ADE233EA16BC79C40034E15D /* Build configuration list for PBXNativeTarget "Universal" */ = {
			isa = XCConfigurationList;
			buildConfigurations = (
				ADE233EB16BC79C40034E15D /* Debug */,
				ADE233EC16BC79C40034E15D /* Release */,
			);
			defaultConfigurationIsVisible = 0;
			defaultConfigurationName = Release;
		};
/* End XCConfigurationList section */

/* Begin XCVersionGroup section */
		ADE233E516BC79C40034E15D /* VLDocument.xcdatamodeld */ = {
			isa = XCVersionGroup;
			children = (
				ADE233E616BC79C40034E15D /* VLDocument.xcdatamodel */,
			);
			currentVersion = ADE233E616BC79C40034E15D /* VLDocument.xcdatamodel */;
			path = VLDocument.xcdatamodeld;
			sourceTree = "<group>";
			versionGroupType = wrapper.xcdatamodel;
		};
/* End XCVersionGroup section */
	};
	rootObject = ADE233BF16BC79C40034E15D /* Project object */;
}
